
Microsoft Visual Studio Solution File, Format Version 12.00
# Visual Studio 14
VisualStudioVersion = 14.0.25420.1
MinimumVisualStudioVersion = 10.0.40219.1
Project("{FAE04EC0-301F-11D3-BF4B-00C04F79EFBC}") = "breakout", "breakout\breakout.csproj", "{8A302235-ABF8-4BC9-BCB9-1522400D1562}"
EndProject
Project("{FAE04EC0-301F-11D3-BF4B-00C04F79EFBC}") = "Teht_01", "Teht_01\Teht_01.csproj", "{7A832302-C226-4795-8362-4F09B9B9B01B}"
EndProject
Project("{FAE04EC0-301F-11D3-BF4B-00C04F79EFBC}") = "Teht_02", "Teht_02\Teht_02.csproj", "{13EBFB43-5690-4704-BE4D-FD1BC1F8A9AC}"
EndProject
Project("{FAE04EC0-301F-11D3-BF4B-00C04F79EFBC}") = "Teht_03", "Teht_03\Teht_03.csproj", "{BA6B18BA-F8B9-41C8-82E7-D5D82BE6E6B4}"
EndProject
Project("{FAE04EC0-301F-11D3-BF4B-00C04F79EFBC}") = "Teht_04", "Teht_04\Teht_04.csproj", "{ED07EBC9-FE9B-4EC7-AE55-F4BF8F4D9002}"
EndProject
Global
	GlobalSection(SolutionConfigurationPlatforms) = preSolution
		Debug|ARM = Debug|ARM
		Debug|x64 = Debug|x64
		Debug|x86 = Debug|x86
		Release|ARM = Release|ARM
		Release|x64 = Release|x64
		Release|x86 = Release|x86
	EndGlobalSection
	GlobalSection(ProjectConfigurationPlatforms) = postSolution
		{8A302235-ABF8-4BC9-BCB9-1522400D1562}.Debug|ARM.ActiveCfg = Debug|ARM
		{8A302235-ABF8-4BC9-BCB9-1522400D1562}.Debug|ARM.Build.0 = Debug|ARM
		{8A302235-ABF8-4BC9-BCB9-1522400D1562}.Debug|ARM.Deploy.0 = Debug|ARM
		{8A302235-ABF8-4BC9-BCB9-1522400D1562}.Debug|x64.ActiveCfg = Debug|x64
		{8A302235-ABF8-4BC9-BCB9-1522400D1562}.Debug|x64.Build.0 = Debug|x64
		{8A302235-ABF8-4BC9-BCB9-1522400D1562}.Debug|x64.Deploy.0 = Debug|x64
		{8A302235-ABF8-4BC9-BCB9-1522400D1562}.Debug|x86.ActiveCfg = Debug|x86
		{8A302235-ABF8-4BC9-BCB9-1522400D1562}.Debug|x86.Build.0 = Debug|x86
		{8A302235-ABF8-4BC9-BCB9-1522400D1562}.Debug|x86.Deploy.0 = Debug|x86
		{8A302235-ABF8-4BC9-BCB9-1522400D1562}.Release|ARM.ActiveCfg = Release|ARM
		{8A302235-ABF8-4BC9-BCB9-1522400D1562}.Release|ARM.Build.0 = Release|ARM
		{8A302235-ABF8-4BC9-BCB9-1522400D1562}.Release|ARM.Deploy.0 = Release|ARM
		{8A302235-ABF8-4BC9-BCB9-1522400D1562}.Release|x64.ActiveCfg = Release|x64
		{8A302235-ABF8-4BC9-BCB9-1522400D1562}.Release|x64.Build.0 = Release|x64
		{8A302235-ABF8-4BC9-BCB9-1522400D1562}.Release|x64.Deploy.0 = Release|x64
		{8A302235-ABF8-4BC9-BCB9-1522400D1562}.Release|x86.ActiveCfg = Release|x86
		{8A302235-ABF8-4BC9-BCB9-1522400D1562}.Release|x86.Build.0 = Release|x86
		{8A302235-ABF8-4BC9-BCB9-1522400D1562}.Release|x86.Deploy.0 = Release|x86
		{7A832302-C226-4795-8362-4F09B9B9B01B}.Debug|ARM.ActiveCfg = Debug|ARM
		{7A832302-C226-4795-8362-4F09B9B9B01B}.Debug|ARM.Build.0 = Debug|ARM
		{7A832302-C226-4795-8362-4F09B9B9B01B}.Debug|ARM.Deploy.0 = Debug|ARM
		{7A832302-C226-4795-8362-4F09B9B9B01B}.Debug|x64.ActiveCfg = Debug|x64
		{7A832302-C226-4795-8362-4F09B9B9B01B}.Debug|x64.Build.0 = Debug|x64
		{7A832302-C226-4795-8362-4F09B9B9B01B}.Debug|x64.Deploy.0 = Debug|x64
		{7A832302-C226-4795-8362-4F09B9B9B01B}.Debug|x86.ActiveCfg = Debug|x86
		{7A832302-C226-4795-8362-4F09B9B9B01B}.Debug|x86.Build.0 = Debug|x86
		{7A832302-C226-4795-8362-4F09B9B9B01B}.Debug|x86.Deploy.0 = Debug|x86
		{7A832302-C226-4795-8362-4F09B9B9B01B}.Release|ARM.ActiveCfg = Release|ARM
		{7A832302-C226-4795-8362-4F09B9B9B01B}.Release|ARM.Build.0 = Release|ARM
		{7A832302-C226-4795-8362-4F09B9B9B01B}.Release|ARM.Deploy.0 = Release|ARM
		{7A832302-C226-4795-8362-4F09B9B9B01B}.Release|x64.ActiveCfg = Release|x64
		{7A832302-C226-4795-8362-4F09B9B9B01B}.Release|x64.Build.0 = Release|x64
		{7A832302-C226-4795-8362-4F09B9B9B01B}.Release|x64.Deploy.0 = Release|x64
		{7A832302-C226-4795-8362-4F09B9B9B01B}.Release|x86.ActiveCfg = Release|x86
		{7A832302-C226-4795-8362-4F09B9B9B01B}.Release|x86.Build.0 = Release|x86
		{7A832302-C226-4795-8362-4F09B9B9B01B}.Release|x86.Deploy.0 = Release|x86
		{13EBFB43-5690-4704-BE4D-FD1BC1F8A9AC}.Debug|ARM.ActiveCfg = Debug|ARM
		{13EBFB43-5690-4704-BE4D-FD1BC1F8A9AC}.Debug|ARM.Build.0 = Debug|ARM
		{13EBFB43-5690-4704-BE4D-FD1BC1F8A9AC}.Debug|ARM.Deploy.0 = Debug|ARM
		{13EBFB43-5690-4704-BE4D-FD1BC1F8A9AC}.Debug|x64.ActiveCfg = Debug|x64
		{13EBFB43-5690-4704-BE4D-FD1BC1F8A9AC}.Debug|x64.Build.0 = Debug|x64
		{13EBFB43-5690-4704-BE4D-FD1BC1F8A9AC}.Debug|x64.Deploy.0 = Debug|x64
		{13EBFB43-5690-4704-BE4D-FD1BC1F8A9AC}.Debug|x86.ActiveCfg = Debug|x86
		{13EBFB43-5690-4704-BE4D-FD1BC1F8A9AC}.Debug|x86.Build.0 = Debug|x86
		{13EBFB43-5690-4704-BE4D-FD1BC1F8A9AC}.Debug|x86.Deploy.0 = Debug|x86
		{13EBFB43-5690-4704-BE4D-FD1BC1F8A9AC}.Release|ARM.ActiveCfg = Release|ARM
		{13EBFB43-5690-4704-BE4D-FD1BC1F8A9AC}.Release|ARM.Build.0 = Release|ARM
		{13EBFB43-5690-4704-BE4D-FD1BC1F8A9AC}.Release|ARM.Deploy.0 = Release|ARM
		{13EBFB43-5690-4704-BE4D-FD1BC1F8A9AC}.Release|x64.ActiveCfg = Release|x64
		{13EBFB43-5690-4704-BE4D-FD1BC1F8A9AC}.Release|x64.Build.0 = Release|x64
		{13EBFB43-5690-4704-BE4D-FD1BC1F8A9AC}.Release|x64.Deploy.0 = Release|x64
		{13EBFB43-5690-4704-BE4D-FD1BC1F8A9AC}.Release|x86.ActiveCfg = Release|x86
		{13EBFB43-5690-4704-BE4D-FD1BC1F8A9AC}.Release|x86.Build.0 = Release|x86
		{13EBFB43-5690-4704-BE4D-FD1BC1F8A9AC}.Release|x86.Deploy.0 = Release|x86
		{BA6B18BA-F8B9-41C8-82E7-D5D82BE6E6B4}.Debug|ARM.ActiveCfg = Debug|ARM
		{BA6B18BA-F8B9-41C8-82E7-D5D82BE6E6B4}.Debug|ARM.Build.0 = Debug|ARM
		{BA6B18BA-F8B9-41C8-82E7-D5D82BE6E6B4}.Debug|ARM.Deploy.0 = Debug|ARM
		{BA6B18BA-F8B9-41C8-82E7-D5D82BE6E6B4}.Debug|x64.ActiveCfg = Debug|x64
		{BA6B18BA-F8B9-41C8-82E7-D5D82BE6E6B4}.Debug|x64.Build.0 = Debug|x64
		{BA6B18BA-F8B9-41C8-82E7-D5D82BE6E6B4}.Debug|x64.Deploy.0 = Debug|x64
		{BA6B18BA-F8B9-41C8-82E7-D5D82BE6E6B4}.Debug|x86.ActiveCfg = Debug|x86
		{BA6B18BA-F8B9-41C8-82E7-D5D82BE6E6B4}.Debug|x86.Build.0 = Debug|x86
		{BA6B18BA-F8B9-41C8-82E7-D5D82BE6E6B4}.Debug|x86.Deploy.0 = Debug|x86
		{BA6B18BA-F8B9-41C8-82E7-D5D82BE6E6B4}.Release|ARM.ActiveCfg = Release|ARM
		{BA6B18BA-F8B9-41C8-82E7-D5D82BE6E6B4}.Release|ARM.Build.0 = Release|ARM
		{BA6B18BA-F8B9-41C8-82E7-D5D82BE6E6B4}.Release|ARM.Deploy.0 = Release|ARM
		{BA6B18BA-F8B9-41C8-82E7-D5D82BE6E6B4}.Release|x64.ActiveCfg = Release|x64
		{BA6B18BA-F8B9-41C8-82E7-D5D82BE6E6B4}.Release|x64.Build.0 = Release|x64
		{BA6B18BA-F8B9-41C8-82E7-D5D82BE6E6B4}.Release|x64.Deploy.0 = Release|x64
		{BA6B18BA-F8B9-41C8-82E7-D5D82BE6E6B4}.Release|x86.ActiveCfg = Release|x86
		{BA6B18BA-F8B9-41C8-82E7-D5D82BE6E6B4}.Release|x86.Build.0 = Release|x86
		{BA6B18BA-F8B9-41C8-82E7-D5D82BE6E6B4}.Release|x86.Deploy.0 = Release|x86
		{ED07EBC9-FE9B-4EC7-AE55-F4BF8F4D9002}.Debug|ARM.ActiveCfg = Debug|ARM
		{ED07EBC9-FE9B-4EC7-AE55-F4BF8F4D9002}.Debug|ARM.Build.0 = Debug|ARM
		{ED07EBC9-FE9B-4EC7-AE55-F4BF8F4D9002}.Debug|ARM.Deploy.0 = Debug|ARM
		{ED07EBC9-FE9B-4EC7-AE55-F4BF8F4D9002}.Debug|x64.ActiveCfg = Debug|x64
		{ED07EBC9-FE9B-4EC7-AE55-F4BF8F4D9002}.Debug|x64.Build.0 = Debug|x64
		{ED07EBC9-FE9B-4EC7-AE55-F4BF8F4D9002}.Debug|x64.Deploy.0 = Debug|x64
		{ED07EBC9-FE9B-4EC7-AE55-F4BF8F4D9002}.Debug|x86.ActiveCfg = Debug|x86
		{ED07EBC9-FE9B-4EC7-AE55-F4BF8F4D9002}.Debug|x86.Build.0 = Debug|x86
		{ED07EBC9-FE9B-4EC7-AE55-F4BF8F4D9002}.Debug|x86.Deploy.0 = Debug|x86
		{ED07EBC9-FE9B-4EC7-AE55-F4BF8F4D9002}.Release|ARM.ActiveCfg = Release|ARM
		{ED07EBC9-FE9B-4EC7-AE55-F4BF8F4D9002}.Release|ARM.Build.0 = Release|ARM
		{ED07EBC9-FE9B-4EC7-AE55-F4BF8F4D9002}.Release|ARM.Deploy.0 = Release|ARM
		{ED07EBC9-FE9B-4EC7-AE55-F4BF8F4D9002}.Release|x64.ActiveCfg = Release|x64
		{ED07EBC9-FE9B-4EC7-AE55-F4BF8F4D9002}.Release|x64.Build.0 = Release|x64
		{ED07EBC9-FE9B-4EC7-AE55-F4BF8F4D9002}.Release|x64.Deploy.0 = Release|x64
		{ED07EBC9-FE9B-4EC7-AE55-F4BF8F4D9002}.Release|x86.ActiveCfg = Release|x86
		{ED07EBC9-FE9B-4EC7-AE55-F4BF8F4D9002}.Release|x86.Build.0 = Release|x86
		{ED07EBC9-FE9B-4EC7-AE55-F4BF8F4D9002}.Release|x86.Deploy.0 = Release|x86
	EndGlobalSection
	GlobalSection(SolutionProperties) = preSolution
		HideSolutionNode = FALSE
	EndGlobalSection
EndGlobal
