
Microsoft Visual Studio Solution File, Format Version 12.00
# Visual Studio 14
VisualStudioVersion = 14.0.25420.1
MinimumVisualStudioVersion = 10.0.40219.1
Project("{FAE04EC0-301F-11D3-BF4B-00C04F79EFBC}") = "Teht_01", "Teht_01\Teht_01.csproj", "{B9AC31CD-ACE6-4F68-B2AD-117CDF88515F}"
EndProject
Project("{FAE04EC0-301F-11D3-BF4B-00C04F79EFBC}") = "Teht_02", "Teht_02\Teht_02.csproj", "{553A0329-05A9-415E-B5D7-66F2493109FE}"
EndProject
Project("{FAE04EC0-301F-11D3-BF4B-00C04F79EFBC}") = "Teht_03", "Teht_03\Teht_03.csproj", "{4C0C0E41-9530-4F58-B2B5-ABE5281CB8CD}"
EndProject
Project("{FAE04EC0-301F-11D3-BF4B-00C04F79EFBC}") = "Teht_04", "Teht_04\Teht_04.csproj", "{76AF64A9-5640-4D6E-A69B-740540D632AA}"
EndProject
Project("{FAE04EC0-301F-11D3-BF4B-00C04F79EFBC}") = "Teht_05", "Teht_05\Teht_05.csproj", "{52CBF9EC-97E7-4D07-BAF8-68870FF469D6}"
EndProject
Project("{FAE04EC0-301F-11D3-BF4B-00C04F79EFBC}") = "Teht_06", "Teht_06\Teht_06.csproj", "{C63AF464-6C25-4B9E-8BB0-7552D33EF2CA}"
EndProject
Project("{FAE04EC0-301F-11D3-BF4B-00C04F79EFBC}") = "Teht_07", "Teht_07\Teht_07.csproj", "{4C972A68-D47A-4CEC-80B7-869FD5FDAEFB}"
EndProject
Project("{FAE04EC0-301F-11D3-BF4B-00C04F79EFBC}") = "Teht_08", "Teht_08\Teht_08.csproj", "{FB61E4CC-E385-4829-A254-DAF9E75E73E7}"
EndProject
Project("{FAE04EC0-301F-11D3-BF4B-00C04F79EFBC}") = "Teht_09", "Teht_09\Teht_09.csproj", "{C693F180-C437-4E05-A29C-67020E23D2AA}"
EndProject
Project("{FAE04EC0-301F-11D3-BF4B-00C04F79EFBC}") = "Teht_10", "Teht_10\Teht_10.csproj", "{AFF21E91-EA12-4529-840C-6D79336DE1A1}"
EndProject
Project("{FAE04EC0-301F-11D3-BF4B-00C04F79EFBC}") = "Teht_11", "Teht_11\Teht_11.csproj", "{DD1E97F8-DF13-49B2-91A4-C479633D56E6}"
EndProject
Project("{FAE04EC0-301F-11D3-BF4B-00C04F79EFBC}") = "Teht_12", "Teht_12\Teht_12.csproj", "{30E1394A-DE38-4CC9-A2E5-47F6515BC7CB}"
EndProject
Global
	GlobalSection(SolutionConfigurationPlatforms) = preSolution
		Debug|Any CPU = Debug|Any CPU
		Release|Any CPU = Release|Any CPU
	EndGlobalSection
	GlobalSection(ProjectConfigurationPlatforms) = postSolution
		{B9AC31CD-ACE6-4F68-B2AD-117CDF88515F}.Debug|Any CPU.ActiveCfg = Debug|Any CPU
		{B9AC31CD-ACE6-4F68-B2AD-117CDF88515F}.Debug|Any CPU.Build.0 = Debug|Any CPU
		{B9AC31CD-ACE6-4F68-B2AD-117CDF88515F}.Release|Any CPU.ActiveCfg = Release|Any CPU
		{B9AC31CD-ACE6-4F68-B2AD-117CDF88515F}.Release|Any CPU.Build.0 = Release|Any CPU
		{553A0329-05A9-415E-B5D7-66F2493109FE}.Debug|Any CPU.ActiveCfg = Debug|Any CPU
		{553A0329-05A9-415E-B5D7-66F2493109FE}.Debug|Any CPU.Build.0 = Debug|Any CPU
		{553A0329-05A9-415E-B5D7-66F2493109FE}.Release|Any CPU.ActiveCfg = Release|Any CPU
		{553A0329-05A9-415E-B5D7-66F2493109FE}.Release|Any CPU.Build.0 = Release|Any CPU
		{4C0C0E41-9530-4F58-B2B5-ABE5281CB8CD}.Debug|Any CPU.ActiveCfg = Debug|Any CPU
		{4C0C0E41-9530-4F58-B2B5-ABE5281CB8CD}.Debug|Any CPU.Build.0 = Debug|Any CPU
		{4C0C0E41-9530-4F58-B2B5-ABE5281CB8CD}.Release|Any CPU.ActiveCfg = Release|Any CPU
		{4C0C0E41-9530-4F58-B2B5-ABE5281CB8CD}.Release|Any CPU.Build.0 = Release|Any CPU
		{76AF64A9-5640-4D6E-A69B-740540D632AA}.Debug|Any CPU.ActiveCfg = Debug|Any CPU
		{76AF64A9-5640-4D6E-A69B-740540D632AA}.Debug|Any CPU.Build.0 = Debug|Any CPU
		{76AF64A9-5640-4D6E-A69B-740540D632AA}.Release|Any CPU.ActiveCfg = Release|Any CPU
		{76AF64A9-5640-4D6E-A69B-740540D632AA}.Release|Any CPU.Build.0 = Release|Any CPU
		{52CBF9EC-97E7-4D07-BAF8-68870FF469D6}.Debug|Any CPU.ActiveCfg = Debug|Any CPU
		{52CBF9EC-97E7-4D07-BAF8-68870FF469D6}.Debug|Any CPU.Build.0 = Debug|Any CPU
		{52CBF9EC-97E7-4D07-BAF8-68870FF469D6}.Release|Any CPU.ActiveCfg = Release|Any CPU
		{52CBF9EC-97E7-4D07-BAF8-68870FF469D6}.Release|Any CPU.Build.0 = Release|Any CPU
		{C63AF464-6C25-4B9E-8BB0-7552D33EF2CA}.Debug|Any CPU.ActiveCfg = Debug|Any CPU
		{C63AF464-6C25-4B9E-8BB0-7552D33EF2CA}.Debug|Any CPU.Build.0 = Debug|Any CPU
		{C63AF464-6C25-4B9E-8BB0-7552D33EF2CA}.Release|Any CPU.ActiveCfg = Release|Any CPU
		{C63AF464-6C25-4B9E-8BB0-7552D33EF2CA}.Release|Any CPU.Build.0 = Release|Any CPU
		{4C972A68-D47A-4CEC-80B7-869FD5FDAEFB}.Debug|Any CPU.ActiveCfg = Debug|Any CPU
		{4C972A68-D47A-4CEC-80B7-869FD5FDAEFB}.Debug|Any CPU.Build.0 = Debug|Any CPU
		{4C972A68-D47A-4CEC-80B7-869FD5FDAEFB}.Release|Any CPU.ActiveCfg = Release|Any CPU
		{4C972A68-D47A-4CEC-80B7-869FD5FDAEFB}.Release|Any CPU.Build.0 = Release|Any CPU
		{FB61E4CC-E385-4829-A254-DAF9E75E73E7}.Debug|Any CPU.ActiveCfg = Debug|Any CPU
		{FB61E4CC-E385-4829-A254-DAF9E75E73E7}.Debug|Any CPU.Build.0 = Debug|Any CPU
		{FB61E4CC-E385-4829-A254-DAF9E75E73E7}.Release|Any CPU.ActiveCfg = Release|Any CPU
		{FB61E4CC-E385-4829-A254-DAF9E75E73E7}.Release|Any CPU.Build.0 = Release|Any CPU
		{C693F180-C437-4E05-A29C-67020E23D2AA}.Debug|Any CPU.ActiveCfg = Debug|Any CPU
		{C693F180-C437-4E05-A29C-67020E23D2AA}.Debug|Any CPU.Build.0 = Debug|Any CPU
		{C693F180-C437-4E05-A29C-67020E23D2AA}.Release|Any CPU.ActiveCfg = Release|Any CPU
		{C693F180-C437-4E05-A29C-67020E23D2AA}.Release|Any CPU.Build.0 = Release|Any CPU
		{AFF21E91-EA12-4529-840C-6D79336DE1A1}.Debug|Any CPU.ActiveCfg = Debug|Any CPU
		{AFF21E91-EA12-4529-840C-6D79336DE1A1}.Debug|Any CPU.Build.0 = Debug|Any CPU
		{AFF21E91-EA12-4529-840C-6D79336DE1A1}.Release|Any CPU.ActiveCfg = Release|Any CPU
		{AFF21E91-EA12-4529-840C-6D79336DE1A1}.Release|Any CPU.Build.0 = Release|Any CPU
		{DD1E97F8-DF13-49B2-91A4-C479633D56E6}.Debug|Any CPU.ActiveCfg = Debug|Any CPU
		{DD1E97F8-DF13-49B2-91A4-C479633D56E6}.Debug|Any CPU.Build.0 = Debug|Any CPU
		{DD1E97F8-DF13-49B2-91A4-C479633D56E6}.Release|Any CPU.ActiveCfg = Release|Any CPU
		{DD1E97F8-DF13-49B2-91A4-C479633D56E6}.Release|Any CPU.Build.0 = Release|Any CPU
		{30E1394A-DE38-4CC9-A2E5-47F6515BC7CB}.Debug|Any CPU.ActiveCfg = Debug|Any CPU
		{30E1394A-DE38-4CC9-A2E5-47F6515BC7CB}.Debug|Any CPU.Build.0 = Debug|Any CPU
		{30E1394A-DE38-4CC9-A2E5-47F6515BC7CB}.Release|Any CPU.ActiveCfg = Release|Any CPU
		{30E1394A-DE38-4CC9-A2E5-47F6515BC7CB}.Release|Any CPU.Build.0 = Release|Any CPU
	EndGlobalSection
	GlobalSection(SolutionProperties) = preSolution
		HideSolutionNode = FALSE
	EndGlobalSection
EndGlobal
