
Microsoft Visual Studio Solution File, Format Version 12.00
# Visual Studio 14
VisualStudioVersion = 14.0.25420.1
MinimumVisualStudioVersion = 10.0.40219.1
Project("{FAE04EC0-301F-11D3-BF4B-00C04F79EFBC}") = "Teht_01", "Teht_01\Teht_01.csproj", "{4AF51878-8F7D-4EF7-8118-98D41FADD78C}"
EndProject
Project("{FAE04EC0-301F-11D3-BF4B-00C04F79EFBC}") = "Teht_02", "Teht_02\Teht_02.csproj", "{185E3EB7-1912-4D99-BF52-425A6B00DEED}"
EndProject
Project("{FAE04EC0-301F-11D3-BF4B-00C04F79EFBC}") = "Teht_03", "Teht_03\Teht_03.csproj", "{0892B35E-DE65-4C8C-A1FF-EFA6F3FA2864}"
EndProject
Project("{FAE04EC0-301F-11D3-BF4B-00C04F79EFBC}") = "Teht_04", "Teht_04\Teht_04.csproj", "{B1512F57-0F35-4A25-8FA6-2B26CDEB41A0}"
EndProject
Global
	GlobalSection(SolutionConfigurationPlatforms) = preSolution
		Debug|ARM = Debug|ARM
		Debug|x64 = Debug|x64
		Debug|x86 = Debug|x86
		Release|ARM = Release|ARM
		Release|x64 = Release|x64
		Release|x86 = Release|x86
	EndGlobalSection
	GlobalSection(ProjectConfigurationPlatforms) = postSolution
		{4AF51878-8F7D-4EF7-8118-98D41FADD78C}.Debug|ARM.ActiveCfg = Debug|ARM
		{4AF51878-8F7D-4EF7-8118-98D41FADD78C}.Debug|ARM.Build.0 = Debug|ARM
		{4AF51878-8F7D-4EF7-8118-98D41FADD78C}.Debug|ARM.Deploy.0 = Debug|ARM
		{4AF51878-8F7D-4EF7-8118-98D41FADD78C}.Debug|x64.ActiveCfg = Debug|x64
		{4AF51878-8F7D-4EF7-8118-98D41FADD78C}.Debug|x64.Build.0 = Debug|x64
		{4AF51878-8F7D-4EF7-8118-98D41FADD78C}.Debug|x64.Deploy.0 = Debug|x64
		{4AF51878-8F7D-4EF7-8118-98D41FADD78C}.Debug|x86.ActiveCfg = Debug|x86
		{4AF51878-8F7D-4EF7-8118-98D41FADD78C}.Debug|x86.Build.0 = Debug|x86
		{4AF51878-8F7D-4EF7-8118-98D41FADD78C}.Debug|x86.Deploy.0 = Debug|x86
		{4AF51878-8F7D-4EF7-8118-98D41FADD78C}.Release|ARM.ActiveCfg = Release|ARM
		{4AF51878-8F7D-4EF7-8118-98D41FADD78C}.Release|ARM.Build.0 = Release|ARM
		{4AF51878-8F7D-4EF7-8118-98D41FADD78C}.Release|ARM.Deploy.0 = Release|ARM
		{4AF51878-8F7D-4EF7-8118-98D41FADD78C}.Release|x64.ActiveCfg = Release|x64
		{4AF51878-8F7D-4EF7-8118-98D41FADD78C}.Release|x64.Build.0 = Release|x64
		{4AF51878-8F7D-4EF7-8118-98D41FADD78C}.Release|x64.Deploy.0 = Release|x64
		{4AF51878-8F7D-4EF7-8118-98D41FADD78C}.Release|x86.ActiveCfg = Release|x86
		{4AF51878-8F7D-4EF7-8118-98D41FADD78C}.Release|x86.Build.0 = Release|x86
		{4AF51878-8F7D-4EF7-8118-98D41FADD78C}.Release|x86.Deploy.0 = Release|x86
		{185E3EB7-1912-4D99-BF52-425A6B00DEED}.Debug|ARM.ActiveCfg = Debug|ARM
		{185E3EB7-1912-4D99-BF52-425A6B00DEED}.Debug|ARM.Build.0 = Debug|ARM
		{185E3EB7-1912-4D99-BF52-425A6B00DEED}.Debug|ARM.Deploy.0 = Debug|ARM
		{185E3EB7-1912-4D99-BF52-425A6B00DEED}.Debug|x64.ActiveCfg = Debug|x64
		{185E3EB7-1912-4D99-BF52-425A6B00DEED}.Debug|x64.Build.0 = Debug|x64
		{185E3EB7-1912-4D99-BF52-425A6B00DEED}.Debug|x64.Deploy.0 = Debug|x64
		{185E3EB7-1912-4D99-BF52-425A6B00DEED}.Debug|x86.ActiveCfg = Debug|x86
		{185E3EB7-1912-4D99-BF52-425A6B00DEED}.Debug|x86.Build.0 = Debug|x86
		{185E3EB7-1912-4D99-BF52-425A6B00DEED}.Debug|x86.Deploy.0 = Debug|x86
		{185E3EB7-1912-4D99-BF52-425A6B00DEED}.Release|ARM.ActiveCfg = Release|ARM
		{185E3EB7-1912-4D99-BF52-425A6B00DEED}.Release|ARM.Build.0 = Release|ARM
		{185E3EB7-1912-4D99-BF52-425A6B00DEED}.Release|ARM.Deploy.0 = Release|ARM
		{185E3EB7-1912-4D99-BF52-425A6B00DEED}.Release|x64.ActiveCfg = Release|x64
		{185E3EB7-1912-4D99-BF52-425A6B00DEED}.Release|x64.Build.0 = Release|x64
		{185E3EB7-1912-4D99-BF52-425A6B00DEED}.Release|x64.Deploy.0 = Release|x64
		{185E3EB7-1912-4D99-BF52-425A6B00DEED}.Release|x86.ActiveCfg = Release|x86
		{185E3EB7-1912-4D99-BF52-425A6B00DEED}.Release|x86.Build.0 = Release|x86
		{185E3EB7-1912-4D99-BF52-425A6B00DEED}.Release|x86.Deploy.0 = Release|x86
		{0892B35E-DE65-4C8C-A1FF-EFA6F3FA2864}.Debug|ARM.ActiveCfg = Debug|ARM
		{0892B35E-DE65-4C8C-A1FF-EFA6F3FA2864}.Debug|ARM.Build.0 = Debug|ARM
		{0892B35E-DE65-4C8C-A1FF-EFA6F3FA2864}.Debug|ARM.Deploy.0 = Debug|ARM
		{0892B35E-DE65-4C8C-A1FF-EFA6F3FA2864}.Debug|x64.ActiveCfg = Debug|x64
		{0892B35E-DE65-4C8C-A1FF-EFA6F3FA2864}.Debug|x64.Build.0 = Debug|x64
		{0892B35E-DE65-4C8C-A1FF-EFA6F3FA2864}.Debug|x64.Deploy.0 = Debug|x64
		{0892B35E-DE65-4C8C-A1FF-EFA6F3FA2864}.Debug|x86.ActiveCfg = Debug|x86
		{0892B35E-DE65-4C8C-A1FF-EFA6F3FA2864}.Debug|x86.Build.0 = Debug|x86
		{0892B35E-DE65-4C8C-A1FF-EFA6F3FA2864}.Debug|x86.Deploy.0 = Debug|x86
		{0892B35E-DE65-4C8C-A1FF-EFA6F3FA2864}.Release|ARM.ActiveCfg = Release|ARM
		{0892B35E-DE65-4C8C-A1FF-EFA6F3FA2864}.Release|ARM.Build.0 = Release|ARM
		{0892B35E-DE65-4C8C-A1FF-EFA6F3FA2864}.Release|ARM.Deploy.0 = Release|ARM
		{0892B35E-DE65-4C8C-A1FF-EFA6F3FA2864}.Release|x64.ActiveCfg = Release|x64
		{0892B35E-DE65-4C8C-A1FF-EFA6F3FA2864}.Release|x64.Build.0 = Release|x64
		{0892B35E-DE65-4C8C-A1FF-EFA6F3FA2864}.Release|x64.Deploy.0 = Release|x64
		{0892B35E-DE65-4C8C-A1FF-EFA6F3FA2864}.Release|x86.ActiveCfg = Release|x86
		{0892B35E-DE65-4C8C-A1FF-EFA6F3FA2864}.Release|x86.Build.0 = Release|x86
		{0892B35E-DE65-4C8C-A1FF-EFA6F3FA2864}.Release|x86.Deploy.0 = Release|x86
		{B1512F57-0F35-4A25-8FA6-2B26CDEB41A0}.Debug|ARM.ActiveCfg = Debug|ARM
		{B1512F57-0F35-4A25-8FA6-2B26CDEB41A0}.Debug|ARM.Build.0 = Debug|ARM
		{B1512F57-0F35-4A25-8FA6-2B26CDEB41A0}.Debug|ARM.Deploy.0 = Debug|ARM
		{B1512F57-0F35-4A25-8FA6-2B26CDEB41A0}.Debug|x64.ActiveCfg = Debug|x64
		{B1512F57-0F35-4A25-8FA6-2B26CDEB41A0}.Debug|x64.Build.0 = Debug|x64
		{B1512F57-0F35-4A25-8FA6-2B26CDEB41A0}.Debug|x64.Deploy.0 = Debug|x64
		{B1512F57-0F35-4A25-8FA6-2B26CDEB41A0}.Debug|x86.ActiveCfg = Debug|x86
		{B1512F57-0F35-4A25-8FA6-2B26CDEB41A0}.Debug|x86.Build.0 = Debug|x86
		{B1512F57-0F35-4A25-8FA6-2B26CDEB41A0}.Debug|x86.Deploy.0 = Debug|x86
		{B1512F57-0F35-4A25-8FA6-2B26CDEB41A0}.Release|ARM.ActiveCfg = Release|ARM
		{B1512F57-0F35-4A25-8FA6-2B26CDEB41A0}.Release|ARM.Build.0 = Release|ARM
		{B1512F57-0F35-4A25-8FA6-2B26CDEB41A0}.Release|ARM.Deploy.0 = Release|ARM
		{B1512F57-0F35-4A25-8FA6-2B26CDEB41A0}.Release|x64.ActiveCfg = Release|x64
		{B1512F57-0F35-4A25-8FA6-2B26CDEB41A0}.Release|x64.Build.0 = Release|x64
		{B1512F57-0F35-4A25-8FA6-2B26CDEB41A0}.Release|x64.Deploy.0 = Release|x64
		{B1512F57-0F35-4A25-8FA6-2B26CDEB41A0}.Release|x86.ActiveCfg = Release|x86
		{B1512F57-0F35-4A25-8FA6-2B26CDEB41A0}.Release|x86.Build.0 = Release|x86
		{B1512F57-0F35-4A25-8FA6-2B26CDEB41A0}.Release|x86.Deploy.0 = Release|x86
	EndGlobalSection
	GlobalSection(SolutionProperties) = preSolution
		HideSolutionNode = FALSE
	EndGlobalSection
EndGlobal
