
Microsoft Visual Studio Solution File, Format Version 12.00
# Visual Studio 14
VisualStudioVersion = 14.0.25420.1
MinimumVisualStudioVersion = 10.0.40219.1
Project("{FAE04EC0-301F-11D3-BF4B-00C04F79EFBC}") = "Teht_01", "Teht_01\Teht_01.csproj", "{ADEB6E2C-FCAD-4CB8-AEA4-CBA16B495230}"
EndProject
Project("{FAE04EC0-301F-11D3-BF4B-00C04F79EFBC}") = "Teht_02", "Teht_02\Teht_02.csproj", "{7C849F40-FF74-4FCF-BA84-D0F106A73EE1}"
EndProject
Project("{FAE04EC0-301F-11D3-BF4B-00C04F79EFBC}") = "Teht_03", "Teht_03\Teht_03.csproj", "{CB1B1059-9D13-4724-BA36-E8E4F9D2C3E0}"
EndProject
Project("{FAE04EC0-301F-11D3-BF4B-00C04F79EFBC}") = "Teht_04", "Teht_04\Teht_04.csproj", "{28F81A5A-08AA-445E-BE3C-1D3B29BD7D68}"
EndProject
Project("{FAE04EC0-301F-11D3-BF4B-00C04F79EFBC}") = "Teht_05", "Teht_05\Teht_05.csproj", "{35F76138-FB20-4ECE-960E-7B0C994D9348}"
EndProject
Global
	GlobalSection(SolutionConfigurationPlatforms) = preSolution
		Debug|Any CPU = Debug|Any CPU
		Release|Any CPU = Release|Any CPU
	EndGlobalSection
	GlobalSection(ProjectConfigurationPlatforms) = postSolution
		{ADEB6E2C-FCAD-4CB8-AEA4-CBA16B495230}.Debug|Any CPU.ActiveCfg = Debug|Any CPU
		{ADEB6E2C-FCAD-4CB8-AEA4-CBA16B495230}.Debug|Any CPU.Build.0 = Debug|Any CPU
		{ADEB6E2C-FCAD-4CB8-AEA4-CBA16B495230}.Release|Any CPU.ActiveCfg = Release|Any CPU
		{ADEB6E2C-FCAD-4CB8-AEA4-CBA16B495230}.Release|Any CPU.Build.0 = Release|Any CPU
		{7C849F40-FF74-4FCF-BA84-D0F106A73EE1}.Debug|Any CPU.ActiveCfg = Debug|Any CPU
		{7C849F40-FF74-4FCF-BA84-D0F106A73EE1}.Debug|Any CPU.Build.0 = Debug|Any CPU
		{7C849F40-FF74-4FCF-BA84-D0F106A73EE1}.Release|Any CPU.ActiveCfg = Release|Any CPU
		{7C849F40-FF74-4FCF-BA84-D0F106A73EE1}.Release|Any CPU.Build.0 = Release|Any CPU
		{CB1B1059-9D13-4724-BA36-E8E4F9D2C3E0}.Debug|Any CPU.ActiveCfg = Debug|Any CPU
		{CB1B1059-9D13-4724-BA36-E8E4F9D2C3E0}.Debug|Any CPU.Build.0 = Debug|Any CPU
		{CB1B1059-9D13-4724-BA36-E8E4F9D2C3E0}.Release|Any CPU.ActiveCfg = Release|Any CPU
		{CB1B1059-9D13-4724-BA36-E8E4F9D2C3E0}.Release|Any CPU.Build.0 = Release|Any CPU
		{28F81A5A-08AA-445E-BE3C-1D3B29BD7D68}.Debug|Any CPU.ActiveCfg = Debug|Any CPU
		{28F81A5A-08AA-445E-BE3C-1D3B29BD7D68}.Debug|Any CPU.Build.0 = Debug|Any CPU
		{28F81A5A-08AA-445E-BE3C-1D3B29BD7D68}.Release|Any CPU.ActiveCfg = Release|Any CPU
		{28F81A5A-08AA-445E-BE3C-1D3B29BD7D68}.Release|Any CPU.Build.0 = Release|Any CPU
		{35F76138-FB20-4ECE-960E-7B0C994D9348}.Debug|Any CPU.ActiveCfg = Debug|Any CPU
		{35F76138-FB20-4ECE-960E-7B0C994D9348}.Debug|Any CPU.Build.0 = Debug|Any CPU
		{35F76138-FB20-4ECE-960E-7B0C994D9348}.Release|Any CPU.ActiveCfg = Release|Any CPU
		{35F76138-FB20-4ECE-960E-7B0C994D9348}.Release|Any CPU.Build.0 = Release|Any CPU
	EndGlobalSection
	GlobalSection(SolutionProperties) = preSolution
		HideSolutionNode = FALSE
	EndGlobalSection
EndGlobal
